
Microsoft Visual Studio Solution File, Format Version 12.00
# Visual Studio Version 16
VisualStudioVersion = 16.0.30114.105
MinimumVisualStudioVersion = 10.0.40219.1
Project("{FAE04EC0-301F-11D3-BF4B-00C04F79EFBC}") = "R5T.D0062.Base", "R5T.D0062.Base\R5T.D0062.Base.csproj", "{C7A1C8A2-1F35-4643-B51A-9D3DF6F71951}"
EndProject
Project("{FAE04EC0-301F-11D3-BF4B-00C04F79EFBC}") = "R5T.D0062.Chamavia", "R5T.D0062.Chamavia\R5T.D0062.Chamavia.csproj", "{B653BD36-1135-44E8-8777-11C64CD4B465}"
EndProject
Project("{FAE04EC0-301F-11D3-BF4B-00C04F79EFBC}") = "R5T.D0062.Construction", "R5T.D0062.Construction\R5T.D0062.Construction.csproj", "{C3AAEECF-4222-4B3E-A8FF-59406FFC5665}"
EndProject
Project("{FAE04EC0-301F-11D3-BF4B-00C04F79EFBC}") = "R5T.D0062.D0063", "R5T.D0062.D0063\R5T.D0062.D0063.csproj", "{7438E5AF-C57E-4419-970C-7059798C4E9C}"
EndProject
Project("{FAE04EC0-301F-11D3-BF4B-00C04F79EFBC}") = "R5T.D0062.Default", "R5T.D0062.Default\R5T.D0062.Default.csproj", "{FD83DC19-F343-4665-B378-B9C94F6AF233}"
EndProject
Project("{FAE04EC0-301F-11D3-BF4B-00C04F79EFBC}") = "R5T.D0062.Extensions", "R5T.D0062.Extensions\R5T.D0062.Extensions.csproj", "{96FBE512-27F7-4FAC-A180-8922700CBC7F}"
EndProject
Global
	GlobalSection(SolutionConfigurationPlatforms) = preSolution
		Debug|Any CPU = Debug|Any CPU
		Debug|x64 = Debug|x64
		Debug|x86 = Debug|x86
		Release|Any CPU = Release|Any CPU
		Release|x64 = Release|x64
		Release|x86 = Release|x86
	EndGlobalSection
	GlobalSection(SolutionProperties) = preSolution
		HideSolutionNode = FALSE
	EndGlobalSection
	GlobalSection(ProjectConfigurationPlatforms) = postSolution
		{C7A1C8A2-1F35-4643-B51A-9D3DF6F71951}.Debug|Any CPU.ActiveCfg = Debug|Any CPU
		{C7A1C8A2-1F35-4643-B51A-9D3DF6F71951}.Debug|Any CPU.Build.0 = Debug|Any CPU
		{C7A1C8A2-1F35-4643-B51A-9D3DF6F71951}.Debug|x64.ActiveCfg = Debug|Any CPU
		{C7A1C8A2-1F35-4643-B51A-9D3DF6F71951}.Debug|x64.Build.0 = Debug|Any CPU
		{C7A1C8A2-1F35-4643-B51A-9D3DF6F71951}.Debug|x86.ActiveCfg = Debug|Any CPU
		{C7A1C8A2-1F35-4643-B51A-9D3DF6F71951}.Debug|x86.Build.0 = Debug|Any CPU
		{C7A1C8A2-1F35-4643-B51A-9D3DF6F71951}.Release|Any CPU.ActiveCfg = Release|Any CPU
		{C7A1C8A2-1F35-4643-B51A-9D3DF6F71951}.Release|Any CPU.Build.0 = Release|Any CPU
		{C7A1C8A2-1F35-4643-B51A-9D3DF6F71951}.Release|x64.ActiveCfg = Release|Any CPU
		{C7A1C8A2-1F35-4643-B51A-9D3DF6F71951}.Release|x64.Build.0 = Release|Any CPU
		{C7A1C8A2-1F35-4643-B51A-9D3DF6F71951}.Release|x86.ActiveCfg = Release|Any CPU
		{C7A1C8A2-1F35-4643-B51A-9D3DF6F71951}.Release|x86.Build.0 = Release|Any CPU
		{B653BD36-1135-44E8-8777-11C64CD4B465}.Debug|Any CPU.ActiveCfg = Debug|Any CPU
		{B653BD36-1135-44E8-8777-11C64CD4B465}.Debug|Any CPU.Build.0 = Debug|Any CPU
		{B653BD36-1135-44E8-8777-11C64CD4B465}.Debug|x64.ActiveCfg = Debug|Any CPU
		{B653BD36-1135-44E8-8777-11C64CD4B465}.Debug|x64.Build.0 = Debug|Any CPU
		{B653BD36-1135-44E8-8777-11C64CD4B465}.Debug|x86.ActiveCfg = Debug|Any CPU
		{B653BD36-1135-44E8-8777-11C64CD4B465}.Debug|x86.Build.0 = Debug|Any CPU
		{B653BD36-1135-44E8-8777-11C64CD4B465}.Release|Any CPU.ActiveCfg = Release|Any CPU
		{B653BD36-1135-44E8-8777-11C64CD4B465}.Release|Any CPU.Build.0 = Release|Any CPU
		{B653BD36-1135-44E8-8777-11C64CD4B465}.Release|x64.ActiveCfg = Release|Any CPU
		{B653BD36-1135-44E8-8777-11C64CD4B465}.Release|x64.Build.0 = Release|Any CPU
		{B653BD36-1135-44E8-8777-11C64CD4B465}.Release|x86.ActiveCfg = Release|Any CPU
		{B653BD36-1135-44E8-8777-11C64CD4B465}.Release|x86.Build.0 = Release|Any CPU
		{C3AAEECF-4222-4B3E-A8FF-59406FFC5665}.Debug|Any CPU.ActiveCfg = Debug|Any CPU
		{C3AAEECF-4222-4B3E-A8FF-59406FFC5665}.Debug|Any CPU.Build.0 = Debug|Any CPU
		{C3AAEECF-4222-4B3E-A8FF-59406FFC5665}.Debug|x64.ActiveCfg = Debug|Any CPU
		{C3AAEECF-4222-4B3E-A8FF-59406FFC5665}.Debug|x64.Build.0 = Debug|Any CPU
		{C3AAEECF-4222-4B3E-A8FF-59406FFC5665}.Debug|x86.ActiveCfg = Debug|Any CPU
		{C3AAEECF-4222-4B3E-A8FF-59406FFC5665}.Debug|x86.Build.0 = Debug|Any CPU
		{C3AAEECF-4222-4B3E-A8FF-59406FFC5665}.Release|Any CPU.ActiveCfg = Release|Any CPU
		{C3AAEECF-4222-4B3E-A8FF-59406FFC5665}.Release|Any CPU.Build.0 = Release|Any CPU
		{C3AAEECF-4222-4B3E-A8FF-59406FFC5665}.Release|x64.ActiveCfg = Release|Any CPU
		{C3AAEECF-4222-4B3E-A8FF-59406FFC5665}.Release|x64.Build.0 = Release|Any CPU
		{C3AAEECF-4222-4B3E-A8FF-59406FFC5665}.Release|x86.ActiveCfg = Release|Any CPU
		{C3AAEECF-4222-4B3E-A8FF-59406FFC5665}.Release|x86.Build.0 = Release|Any CPU
		{7438E5AF-C57E-4419-970C-7059798C4E9C}.Debug|Any CPU.ActiveCfg = Debug|Any CPU
		{7438E5AF-C57E-4419-970C-7059798C4E9C}.Debug|Any CPU.Build.0 = Debug|Any CPU
		{7438E5AF-C57E-4419-970C-7059798C4E9C}.Debug|x64.ActiveCfg = Debug|Any CPU
		{7438E5AF-C57E-4419-970C-7059798C4E9C}.Debug|x64.Build.0 = Debug|Any CPU
		{7438E5AF-C57E-4419-970C-7059798C4E9C}.Debug|x86.ActiveCfg = Debug|Any CPU
		{7438E5AF-C57E-4419-970C-7059798C4E9C}.Debug|x86.Build.0 = Debug|Any CPU
		{7438E5AF-C57E-4419-970C-7059798C4E9C}.Release|Any CPU.ActiveCfg = Release|Any CPU
		{7438E5AF-C57E-4419-970C-7059798C4E9C}.Release|Any CPU.Build.0 = Release|Any CPU
		{7438E5AF-C57E-4419-970C-7059798C4E9C}.Release|x64.ActiveCfg = Release|Any CPU
		{7438E5AF-C57E-4419-970C-7059798C4E9C}.Release|x64.Build.0 = Release|Any CPU
		{7438E5AF-C57E-4419-970C-7059798C4E9C}.Release|x86.ActiveCfg = Release|Any CPU
		{7438E5AF-C57E-4419-970C-7059798C4E9C}.Release|x86.Build.0 = Release|Any CPU
		{FD83DC19-F343-4665-B378-B9C94F6AF233}.Debug|Any CPU.ActiveCfg = Debug|Any CPU
		{FD83DC19-F343-4665-B378-B9C94F6AF233}.Debug|Any CPU.Build.0 = Debug|Any CPU
		{FD83DC19-F343-4665-B378-B9C94F6AF233}.Debug|x64.ActiveCfg = Debug|Any CPU
		{FD83DC19-F343-4665-B378-B9C94F6AF233}.Debug|x64.Build.0 = Debug|Any CPU
		{FD83DC19-F343-4665-B378-B9C94F6AF233}.Debug|x86.ActiveCfg = Debug|Any CPU
		{FD83DC19-F343-4665-B378-B9C94F6AF233}.Debug|x86.Build.0 = Debug|Any CPU
		{FD83DC19-F343-4665-B378-B9C94F6AF233}.Release|Any CPU.ActiveCfg = Release|Any CPU
		{FD83DC19-F343-4665-B378-B9C94F6AF233}.Release|Any CPU.Build.0 = Release|Any CPU
		{FD83DC19-F343-4665-B378-B9C94F6AF233}.Release|x64.ActiveCfg = Release|Any CPU
		{FD83DC19-F343-4665-B378-B9C94F6AF233}.Release|x64.Build.0 = Release|Any CPU
		{FD83DC19-F343-4665-B378-B9C94F6AF233}.Release|x86.ActiveCfg = Release|Any CPU
		{FD83DC19-F343-4665-B378-B9C94F6AF233}.Release|x86.Build.0 = Release|Any CPU
		{96FBE512-27F7-4FAC-A180-8922700CBC7F}.Debug|Any CPU.ActiveCfg = Debug|Any CPU
		{96FBE512-27F7-4FAC-A180-8922700CBC7F}.Debug|Any CPU.Build.0 = Debug|Any CPU
		{96FBE512-27F7-4FAC-A180-8922700CBC7F}.Debug|x64.ActiveCfg = Debug|Any CPU
		{96FBE512-27F7-4FAC-A180-8922700CBC7F}.Debug|x64.Build.0 = Debug|Any CPU
		{96FBE512-27F7-4FAC-A180-8922700CBC7F}.Debug|x86.ActiveCfg = Debug|Any CPU
		{96FBE512-27F7-4FAC-A180-8922700CBC7F}.Debug|x86.Build.0 = Debug|Any CPU
		{96FBE512-27F7-4FAC-A180-8922700CBC7F}.Release|Any CPU.ActiveCfg = Release|Any CPU
		{96FBE512-27F7-4FAC-A180-8922700CBC7F}.Release|Any CPU.Build.0 = Release|Any CPU
		{96FBE512-27F7-4FAC-A180-8922700CBC7F}.Release|x64.ActiveCfg = Release|Any CPU
		{96FBE512-27F7-4FAC-A180-8922700CBC7F}.Release|x64.Build.0 = Release|Any CPU
		{96FBE512-27F7-4FAC-A180-8922700CBC7F}.Release|x86.ActiveCfg = Release|Any CPU
		{96FBE512-27F7-4FAC-A180-8922700CBC7F}.Release|x86.Build.0 = Release|Any CPU
	EndGlobalSection
EndGlobal
