
Microsoft Visual Studio Solution File, Format Version 12.00
# Visual Studio Version 16
VisualStudioVersion = 16.6.30114.105
MinimumVisualStudioVersion = 10.0.40219.1
Project("{9A19103F-16F7-4668-BE54-9A1E7A4F7556}") = "R5T.D0062.Construction", "R5T.D0062.Construction\R5T.D0062.Construction.csproj", "{2DD7663B-73AC-4994-97DA-D457FD69FCC4}"
EndProject
Project("{9A19103F-16F7-4668-BE54-9A1E7A4F7556}") = "R5T.D0062.Base", "R5T.D0062.Base\R5T.D0062.Base.csproj", "{27CFED28-D07C-4C14-992F-1361353DDD0E}"
EndProject
Project("{9A19103F-16F7-4668-BE54-9A1E7A4F7556}") = "R5T.D0062.Default", "R5T.D0062.Default\R5T.D0062.Default.csproj", "{75887F03-96ED-4D79-9185-7B9E0B9CC929}"
EndProject
Project("{2150E333-8FDC-42A3-9474-1A3956D46DE8}") = "_Dependencies", "_Dependencies", "{83D1999E-7B82-4AD1-874C-EE6B1CE779D6}"
EndProject
Project("{9A19103F-16F7-4668-BE54-9A1E7A4F7556}") = "R5T.Dacia.Extensions", "..\..\R5T.Dacia.Extensions\source\R5T.Dacia.Extensions\R5T.Dacia.Extensions.csproj", "{ADB39D41-9E6E-413E-8270-92BB9FA93592}"
EndProject
Project("{9A19103F-16F7-4668-BE54-9A1E7A4F7556}") = "R5T.Dacia", "..\..\R5T.Dacia\source\R5T.Dacia\R5T.Dacia.csproj", "{B4268189-DE33-4920-89ED-7102FC561B22}"
EndProject
Project("{9A19103F-16F7-4668-BE54-9A1E7A4F7556}") = "R5T.T0018", "..\..\R5T.T0018\source\R5T.T0018\R5T.T0018.csproj", "{E771915E-3365-4273-8DAF-7F7237BB4963}"
EndProject
Project("{9A19103F-16F7-4668-BE54-9A1E7A4F7556}") = "R5T.D0063.Base", "..\..\R5T.D0063\source\R5T.D0063.Base\R5T.D0063.Base.csproj", "{A2A46CFE-77EB-4910-87B4-71036030B90A}"
EndProject
Project("{9A19103F-16F7-4668-BE54-9A1E7A4F7556}") = "R5T.D0062.Extensions", "R5T.D0062.Extensions\R5T.D0062.Extensions.csproj", "{076816AA-CB2D-4C59-828F-456D3E99C61F}"
EndProject
Project("{9A19103F-16F7-4668-BE54-9A1E7A4F7556}") = "R5T.T0019", "..\..\R5T.T0019\source\R5T.T0019\R5T.T0019.csproj", "{73BF930A-2F43-457F-8B24-E68AD61884CB}"
EndProject
Project("{FAE04EC0-301F-11D3-BF4B-00C04F79EFBC}") = "R5T.D0062.D0063", "R5T.D0062.D0063\R5T.D0062.D0063.csproj", "{7D185089-7EC1-4E6C-8ED0-3A1F2C107DC3}"
EndProject
Project("{FAE04EC0-301F-11D3-BF4B-00C04F79EFBC}") = "R5T.D0062.Chamavia", "R5T.D0062.Chamavia\R5T.D0062.Chamavia.csproj", "{273FC4D3-2B0A-4297-8C87-74CD4212B6F2}"
EndProject
Project("{9A19103F-16F7-4668-BE54-9A1E7A4F7556}") = "R5T.Chamavia", "..\..\R5T.Chamavia\source\R5T.Chamavia\R5T.Chamavia.csproj", "{8F3A7D29-9E9A-4BD5-A8A7-857B3D41F2DD}"
EndProject
Project("{9A19103F-16F7-4668-BE54-9A1E7A4F7556}") = "R5T.T0022", "..\..\R5T.T0022\source\R5T.T0022\R5T.T0022.csproj", "{1DD62A97-9684-4EC1-BF04-695AD67E66DF}"
EndProject
Project("{9A19103F-16F7-4668-BE54-9A1E7A4F7556}") = "R5T.Chamavia.Extensions", "..\..\R5T.Chamavia.Extensions\source\R5T.Chamavia.Extensions\R5T.Chamavia.Extensions.csproj", "{B0535D7F-F853-4D47-BF34-BBE3F66D5436}"
EndProject
Project("{9A19103F-16F7-4668-BE54-9A1E7A4F7556}") = "R5T.Magyar", "..\..\R5T.Magyar\source\R5T.Magyar\R5T.Magyar.csproj", "{62C29330-A7C2-4C27-8A45-0DA5A1884991}"
EndProject
Global
	GlobalSection(SolutionConfigurationPlatforms) = preSolution
		Debug|Any CPU = Debug|Any CPU
		Debug|x64 = Debug|x64
		Debug|x86 = Debug|x86
		Release|Any CPU = Release|Any CPU
		Release|x64 = Release|x64
		Release|x86 = Release|x86
	EndGlobalSection
	GlobalSection(ProjectConfigurationPlatforms) = postSolution
		{2DD7663B-73AC-4994-97DA-D457FD69FCC4}.Debug|Any CPU.ActiveCfg = Debug|Any CPU
		{2DD7663B-73AC-4994-97DA-D457FD69FCC4}.Debug|Any CPU.Build.0 = Debug|Any CPU
		{2DD7663B-73AC-4994-97DA-D457FD69FCC4}.Debug|x64.ActiveCfg = Debug|Any CPU
		{2DD7663B-73AC-4994-97DA-D457FD69FCC4}.Debug|x64.Build.0 = Debug|Any CPU
		{2DD7663B-73AC-4994-97DA-D457FD69FCC4}.Debug|x86.ActiveCfg = Debug|Any CPU
		{2DD7663B-73AC-4994-97DA-D457FD69FCC4}.Debug|x86.Build.0 = Debug|Any CPU
		{2DD7663B-73AC-4994-97DA-D457FD69FCC4}.Release|Any CPU.ActiveCfg = Release|Any CPU
		{2DD7663B-73AC-4994-97DA-D457FD69FCC4}.Release|Any CPU.Build.0 = Release|Any CPU
		{2DD7663B-73AC-4994-97DA-D457FD69FCC4}.Release|x64.ActiveCfg = Release|Any CPU
		{2DD7663B-73AC-4994-97DA-D457FD69FCC4}.Release|x64.Build.0 = Release|Any CPU
		{2DD7663B-73AC-4994-97DA-D457FD69FCC4}.Release|x86.ActiveCfg = Release|Any CPU
		{2DD7663B-73AC-4994-97DA-D457FD69FCC4}.Release|x86.Build.0 = Release|Any CPU
		{27CFED28-D07C-4C14-992F-1361353DDD0E}.Debug|Any CPU.ActiveCfg = Debug|Any CPU
		{27CFED28-D07C-4C14-992F-1361353DDD0E}.Debug|Any CPU.Build.0 = Debug|Any CPU
		{27CFED28-D07C-4C14-992F-1361353DDD0E}.Debug|x64.ActiveCfg = Debug|Any CPU
		{27CFED28-D07C-4C14-992F-1361353DDD0E}.Debug|x64.Build.0 = Debug|Any CPU
		{27CFED28-D07C-4C14-992F-1361353DDD0E}.Debug|x86.ActiveCfg = Debug|Any CPU
		{27CFED28-D07C-4C14-992F-1361353DDD0E}.Debug|x86.Build.0 = Debug|Any CPU
		{27CFED28-D07C-4C14-992F-1361353DDD0E}.Release|Any CPU.ActiveCfg = Release|Any CPU
		{27CFED28-D07C-4C14-992F-1361353DDD0E}.Release|Any CPU.Build.0 = Release|Any CPU
		{27CFED28-D07C-4C14-992F-1361353DDD0E}.Release|x64.ActiveCfg = Release|Any CPU
		{27CFED28-D07C-4C14-992F-1361353DDD0E}.Release|x64.Build.0 = Release|Any CPU
		{27CFED28-D07C-4C14-992F-1361353DDD0E}.Release|x86.ActiveCfg = Release|Any CPU
		{27CFED28-D07C-4C14-992F-1361353DDD0E}.Release|x86.Build.0 = Release|Any CPU
		{75887F03-96ED-4D79-9185-7B9E0B9CC929}.Debug|Any CPU.ActiveCfg = Debug|Any CPU
		{75887F03-96ED-4D79-9185-7B9E0B9CC929}.Debug|Any CPU.Build.0 = Debug|Any CPU
		{75887F03-96ED-4D79-9185-7B9E0B9CC929}.Debug|x64.ActiveCfg = Debug|Any CPU
		{75887F03-96ED-4D79-9185-7B9E0B9CC929}.Debug|x64.Build.0 = Debug|Any CPU
		{75887F03-96ED-4D79-9185-7B9E0B9CC929}.Debug|x86.ActiveCfg = Debug|Any CPU
		{75887F03-96ED-4D79-9185-7B9E0B9CC929}.Debug|x86.Build.0 = Debug|Any CPU
		{75887F03-96ED-4D79-9185-7B9E0B9CC929}.Release|Any CPU.ActiveCfg = Release|Any CPU
		{75887F03-96ED-4D79-9185-7B9E0B9CC929}.Release|Any CPU.Build.0 = Release|Any CPU
		{75887F03-96ED-4D79-9185-7B9E0B9CC929}.Release|x64.ActiveCfg = Release|Any CPU
		{75887F03-96ED-4D79-9185-7B9E0B9CC929}.Release|x64.Build.0 = Release|Any CPU
		{75887F03-96ED-4D79-9185-7B9E0B9CC929}.Release|x86.ActiveCfg = Release|Any CPU
		{75887F03-96ED-4D79-9185-7B9E0B9CC929}.Release|x86.Build.0 = Release|Any CPU
		{ADB39D41-9E6E-413E-8270-92BB9FA93592}.Debug|Any CPU.ActiveCfg = Debug|Any CPU
		{ADB39D41-9E6E-413E-8270-92BB9FA93592}.Debug|Any CPU.Build.0 = Debug|Any CPU
		{ADB39D41-9E6E-413E-8270-92BB9FA93592}.Debug|x64.ActiveCfg = Debug|Any CPU
		{ADB39D41-9E6E-413E-8270-92BB9FA93592}.Debug|x64.Build.0 = Debug|Any CPU
		{ADB39D41-9E6E-413E-8270-92BB9FA93592}.Debug|x86.ActiveCfg = Debug|Any CPU
		{ADB39D41-9E6E-413E-8270-92BB9FA93592}.Debug|x86.Build.0 = Debug|Any CPU
		{ADB39D41-9E6E-413E-8270-92BB9FA93592}.Release|Any CPU.ActiveCfg = Release|Any CPU
		{ADB39D41-9E6E-413E-8270-92BB9FA93592}.Release|Any CPU.Build.0 = Release|Any CPU
		{ADB39D41-9E6E-413E-8270-92BB9FA93592}.Release|x64.ActiveCfg = Release|Any CPU
		{ADB39D41-9E6E-413E-8270-92BB9FA93592}.Release|x64.Build.0 = Release|Any CPU
		{ADB39D41-9E6E-413E-8270-92BB9FA93592}.Release|x86.ActiveCfg = Release|Any CPU
		{ADB39D41-9E6E-413E-8270-92BB9FA93592}.Release|x86.Build.0 = Release|Any CPU
		{B4268189-DE33-4920-89ED-7102FC561B22}.Debug|Any CPU.ActiveCfg = Debug|Any CPU
		{B4268189-DE33-4920-89ED-7102FC561B22}.Debug|Any CPU.Build.0 = Debug|Any CPU
		{B4268189-DE33-4920-89ED-7102FC561B22}.Debug|x64.ActiveCfg = Debug|Any CPU
		{B4268189-DE33-4920-89ED-7102FC561B22}.Debug|x64.Build.0 = Debug|Any CPU
		{B4268189-DE33-4920-89ED-7102FC561B22}.Debug|x86.ActiveCfg = Debug|Any CPU
		{B4268189-DE33-4920-89ED-7102FC561B22}.Debug|x86.Build.0 = Debug|Any CPU
		{B4268189-DE33-4920-89ED-7102FC561B22}.Release|Any CPU.ActiveCfg = Release|Any CPU
		{B4268189-DE33-4920-89ED-7102FC561B22}.Release|Any CPU.Build.0 = Release|Any CPU
		{B4268189-DE33-4920-89ED-7102FC561B22}.Release|x64.ActiveCfg = Release|Any CPU
		{B4268189-DE33-4920-89ED-7102FC561B22}.Release|x64.Build.0 = Release|Any CPU
		{B4268189-DE33-4920-89ED-7102FC561B22}.Release|x86.ActiveCfg = Release|Any CPU
		{B4268189-DE33-4920-89ED-7102FC561B22}.Release|x86.Build.0 = Release|Any CPU
		{E771915E-3365-4273-8DAF-7F7237BB4963}.Debug|Any CPU.ActiveCfg = Debug|Any CPU
		{E771915E-3365-4273-8DAF-7F7237BB4963}.Debug|Any CPU.Build.0 = Debug|Any CPU
		{E771915E-3365-4273-8DAF-7F7237BB4963}.Debug|x64.ActiveCfg = Debug|Any CPU
		{E771915E-3365-4273-8DAF-7F7237BB4963}.Debug|x64.Build.0 = Debug|Any CPU
		{E771915E-3365-4273-8DAF-7F7237BB4963}.Debug|x86.ActiveCfg = Debug|Any CPU
		{E771915E-3365-4273-8DAF-7F7237BB4963}.Debug|x86.Build.0 = Debug|Any CPU
		{E771915E-3365-4273-8DAF-7F7237BB4963}.Release|Any CPU.ActiveCfg = Release|Any CPU
		{E771915E-3365-4273-8DAF-7F7237BB4963}.Release|Any CPU.Build.0 = Release|Any CPU
		{E771915E-3365-4273-8DAF-7F7237BB4963}.Release|x64.ActiveCfg = Release|Any CPU
		{E771915E-3365-4273-8DAF-7F7237BB4963}.Release|x64.Build.0 = Release|Any CPU
		{E771915E-3365-4273-8DAF-7F7237BB4963}.Release|x86.ActiveCfg = Release|Any CPU
		{E771915E-3365-4273-8DAF-7F7237BB4963}.Release|x86.Build.0 = Release|Any CPU
		{A2A46CFE-77EB-4910-87B4-71036030B90A}.Debug|Any CPU.ActiveCfg = Debug|Any CPU
		{A2A46CFE-77EB-4910-87B4-71036030B90A}.Debug|Any CPU.Build.0 = Debug|Any CPU
		{A2A46CFE-77EB-4910-87B4-71036030B90A}.Debug|x64.ActiveCfg = Debug|Any CPU
		{A2A46CFE-77EB-4910-87B4-71036030B90A}.Debug|x64.Build.0 = Debug|Any CPU
		{A2A46CFE-77EB-4910-87B4-71036030B90A}.Debug|x86.ActiveCfg = Debug|Any CPU
		{A2A46CFE-77EB-4910-87B4-71036030B90A}.Debug|x86.Build.0 = Debug|Any CPU
		{A2A46CFE-77EB-4910-87B4-71036030B90A}.Release|Any CPU.ActiveCfg = Release|Any CPU
		{A2A46CFE-77EB-4910-87B4-71036030B90A}.Release|Any CPU.Build.0 = Release|Any CPU
		{A2A46CFE-77EB-4910-87B4-71036030B90A}.Release|x64.ActiveCfg = Release|Any CPU
		{A2A46CFE-77EB-4910-87B4-71036030B90A}.Release|x64.Build.0 = Release|Any CPU
		{A2A46CFE-77EB-4910-87B4-71036030B90A}.Release|x86.ActiveCfg = Release|Any CPU
		{A2A46CFE-77EB-4910-87B4-71036030B90A}.Release|x86.Build.0 = Release|Any CPU
		{076816AA-CB2D-4C59-828F-456D3E99C61F}.Debug|Any CPU.ActiveCfg = Debug|Any CPU
		{076816AA-CB2D-4C59-828F-456D3E99C61F}.Debug|Any CPU.Build.0 = Debug|Any CPU
		{076816AA-CB2D-4C59-828F-456D3E99C61F}.Debug|x64.ActiveCfg = Debug|Any CPU
		{076816AA-CB2D-4C59-828F-456D3E99C61F}.Debug|x64.Build.0 = Debug|Any CPU
		{076816AA-CB2D-4C59-828F-456D3E99C61F}.Debug|x86.ActiveCfg = Debug|Any CPU
		{076816AA-CB2D-4C59-828F-456D3E99C61F}.Debug|x86.Build.0 = Debug|Any CPU
		{076816AA-CB2D-4C59-828F-456D3E99C61F}.Release|Any CPU.ActiveCfg = Release|Any CPU
		{076816AA-CB2D-4C59-828F-456D3E99C61F}.Release|Any CPU.Build.0 = Release|Any CPU
		{076816AA-CB2D-4C59-828F-456D3E99C61F}.Release|x64.ActiveCfg = Release|Any CPU
		{076816AA-CB2D-4C59-828F-456D3E99C61F}.Release|x64.Build.0 = Release|Any CPU
		{076816AA-CB2D-4C59-828F-456D3E99C61F}.Release|x86.ActiveCfg = Release|Any CPU
		{076816AA-CB2D-4C59-828F-456D3E99C61F}.Release|x86.Build.0 = Release|Any CPU
		{73BF930A-2F43-457F-8B24-E68AD61884CB}.Debug|Any CPU.ActiveCfg = Debug|Any CPU
		{73BF930A-2F43-457F-8B24-E68AD61884CB}.Debug|Any CPU.Build.0 = Debug|Any CPU
		{73BF930A-2F43-457F-8B24-E68AD61884CB}.Debug|x64.ActiveCfg = Debug|Any CPU
		{73BF930A-2F43-457F-8B24-E68AD61884CB}.Debug|x64.Build.0 = Debug|Any CPU
		{73BF930A-2F43-457F-8B24-E68AD61884CB}.Debug|x86.ActiveCfg = Debug|Any CPU
		{73BF930A-2F43-457F-8B24-E68AD61884CB}.Debug|x86.Build.0 = Debug|Any CPU
		{73BF930A-2F43-457F-8B24-E68AD61884CB}.Release|Any CPU.ActiveCfg = Release|Any CPU
		{73BF930A-2F43-457F-8B24-E68AD61884CB}.Release|Any CPU.Build.0 = Release|Any CPU
		{73BF930A-2F43-457F-8B24-E68AD61884CB}.Release|x64.ActiveCfg = Release|Any CPU
		{73BF930A-2F43-457F-8B24-E68AD61884CB}.Release|x64.Build.0 = Release|Any CPU
		{73BF930A-2F43-457F-8B24-E68AD61884CB}.Release|x86.ActiveCfg = Release|Any CPU
		{73BF930A-2F43-457F-8B24-E68AD61884CB}.Release|x86.Build.0 = Release|Any CPU
		{7D185089-7EC1-4E6C-8ED0-3A1F2C107DC3}.Debug|Any CPU.ActiveCfg = Debug|Any CPU
		{7D185089-7EC1-4E6C-8ED0-3A1F2C107DC3}.Debug|Any CPU.Build.0 = Debug|Any CPU
		{7D185089-7EC1-4E6C-8ED0-3A1F2C107DC3}.Debug|x64.ActiveCfg = Debug|Any CPU
		{7D185089-7EC1-4E6C-8ED0-3A1F2C107DC3}.Debug|x64.Build.0 = Debug|Any CPU
		{7D185089-7EC1-4E6C-8ED0-3A1F2C107DC3}.Debug|x86.ActiveCfg = Debug|Any CPU
		{7D185089-7EC1-4E6C-8ED0-3A1F2C107DC3}.Debug|x86.Build.0 = Debug|Any CPU
		{7D185089-7EC1-4E6C-8ED0-3A1F2C107DC3}.Release|Any CPU.ActiveCfg = Release|Any CPU
		{7D185089-7EC1-4E6C-8ED0-3A1F2C107DC3}.Release|Any CPU.Build.0 = Release|Any CPU
		{7D185089-7EC1-4E6C-8ED0-3A1F2C107DC3}.Release|x64.ActiveCfg = Release|Any CPU
		{7D185089-7EC1-4E6C-8ED0-3A1F2C107DC3}.Release|x64.Build.0 = Release|Any CPU
		{7D185089-7EC1-4E6C-8ED0-3A1F2C107DC3}.Release|x86.ActiveCfg = Release|Any CPU
		{7D185089-7EC1-4E6C-8ED0-3A1F2C107DC3}.Release|x86.Build.0 = Release|Any CPU
		{273FC4D3-2B0A-4297-8C87-74CD4212B6F2}.Debug|Any CPU.ActiveCfg = Debug|Any CPU
		{273FC4D3-2B0A-4297-8C87-74CD4212B6F2}.Debug|Any CPU.Build.0 = Debug|Any CPU
		{273FC4D3-2B0A-4297-8C87-74CD4212B6F2}.Debug|x64.ActiveCfg = Debug|Any CPU
		{273FC4D3-2B0A-4297-8C87-74CD4212B6F2}.Debug|x64.Build.0 = Debug|Any CPU
		{273FC4D3-2B0A-4297-8C87-74CD4212B6F2}.Debug|x86.ActiveCfg = Debug|Any CPU
		{273FC4D3-2B0A-4297-8C87-74CD4212B6F2}.Debug|x86.Build.0 = Debug|Any CPU
		{273FC4D3-2B0A-4297-8C87-74CD4212B6F2}.Release|Any CPU.ActiveCfg = Release|Any CPU
		{273FC4D3-2B0A-4297-8C87-74CD4212B6F2}.Release|Any CPU.Build.0 = Release|Any CPU
		{273FC4D3-2B0A-4297-8C87-74CD4212B6F2}.Release|x64.ActiveCfg = Release|Any CPU
		{273FC4D3-2B0A-4297-8C87-74CD4212B6F2}.Release|x64.Build.0 = Release|Any CPU
		{273FC4D3-2B0A-4297-8C87-74CD4212B6F2}.Release|x86.ActiveCfg = Release|Any CPU
		{273FC4D3-2B0A-4297-8C87-74CD4212B6F2}.Release|x86.Build.0 = Release|Any CPU
		{8F3A7D29-9E9A-4BD5-A8A7-857B3D41F2DD}.Debug|Any CPU.ActiveCfg = Debug|Any CPU
		{8F3A7D29-9E9A-4BD5-A8A7-857B3D41F2DD}.Debug|Any CPU.Build.0 = Debug|Any CPU
		{8F3A7D29-9E9A-4BD5-A8A7-857B3D41F2DD}.Debug|x64.ActiveCfg = Debug|Any CPU
		{8F3A7D29-9E9A-4BD5-A8A7-857B3D41F2DD}.Debug|x64.Build.0 = Debug|Any CPU
		{8F3A7D29-9E9A-4BD5-A8A7-857B3D41F2DD}.Debug|x86.ActiveCfg = Debug|Any CPU
		{8F3A7D29-9E9A-4BD5-A8A7-857B3D41F2DD}.Debug|x86.Build.0 = Debug|Any CPU
		{8F3A7D29-9E9A-4BD5-A8A7-857B3D41F2DD}.Release|Any CPU.ActiveCfg = Release|Any CPU
		{8F3A7D29-9E9A-4BD5-A8A7-857B3D41F2DD}.Release|Any CPU.Build.0 = Release|Any CPU
		{8F3A7D29-9E9A-4BD5-A8A7-857B3D41F2DD}.Release|x64.ActiveCfg = Release|Any CPU
		{8F3A7D29-9E9A-4BD5-A8A7-857B3D41F2DD}.Release|x64.Build.0 = Release|Any CPU
		{8F3A7D29-9E9A-4BD5-A8A7-857B3D41F2DD}.Release|x86.ActiveCfg = Release|Any CPU
		{8F3A7D29-9E9A-4BD5-A8A7-857B3D41F2DD}.Release|x86.Build.0 = Release|Any CPU
		{1DD62A97-9684-4EC1-BF04-695AD67E66DF}.Debug|Any CPU.ActiveCfg = Debug|Any CPU
		{1DD62A97-9684-4EC1-BF04-695AD67E66DF}.Debug|Any CPU.Build.0 = Debug|Any CPU
		{1DD62A97-9684-4EC1-BF04-695AD67E66DF}.Debug|x64.ActiveCfg = Debug|Any CPU
		{1DD62A97-9684-4EC1-BF04-695AD67E66DF}.Debug|x64.Build.0 = Debug|Any CPU
		{1DD62A97-9684-4EC1-BF04-695AD67E66DF}.Debug|x86.ActiveCfg = Debug|Any CPU
		{1DD62A97-9684-4EC1-BF04-695AD67E66DF}.Debug|x86.Build.0 = Debug|Any CPU
		{1DD62A97-9684-4EC1-BF04-695AD67E66DF}.Release|Any CPU.ActiveCfg = Release|Any CPU
		{1DD62A97-9684-4EC1-BF04-695AD67E66DF}.Release|Any CPU.Build.0 = Release|Any CPU
		{1DD62A97-9684-4EC1-BF04-695AD67E66DF}.Release|x64.ActiveCfg = Release|Any CPU
		{1DD62A97-9684-4EC1-BF04-695AD67E66DF}.Release|x64.Build.0 = Release|Any CPU
		{1DD62A97-9684-4EC1-BF04-695AD67E66DF}.Release|x86.ActiveCfg = Release|Any CPU
		{1DD62A97-9684-4EC1-BF04-695AD67E66DF}.Release|x86.Build.0 = Release|Any CPU
		{B0535D7F-F853-4D47-BF34-BBE3F66D5436}.Debug|Any CPU.ActiveCfg = Debug|Any CPU
		{B0535D7F-F853-4D47-BF34-BBE3F66D5436}.Debug|Any CPU.Build.0 = Debug|Any CPU
		{B0535D7F-F853-4D47-BF34-BBE3F66D5436}.Debug|x64.ActiveCfg = Debug|Any CPU
		{B0535D7F-F853-4D47-BF34-BBE3F66D5436}.Debug|x64.Build.0 = Debug|Any CPU
		{B0535D7F-F853-4D47-BF34-BBE3F66D5436}.Debug|x86.ActiveCfg = Debug|Any CPU
		{B0535D7F-F853-4D47-BF34-BBE3F66D5436}.Debug|x86.Build.0 = Debug|Any CPU
		{B0535D7F-F853-4D47-BF34-BBE3F66D5436}.Release|Any CPU.ActiveCfg = Release|Any CPU
		{B0535D7F-F853-4D47-BF34-BBE3F66D5436}.Release|Any CPU.Build.0 = Release|Any CPU
		{B0535D7F-F853-4D47-BF34-BBE3F66D5436}.Release|x64.ActiveCfg = Release|Any CPU
		{B0535D7F-F853-4D47-BF34-BBE3F66D5436}.Release|x64.Build.0 = Release|Any CPU
		{B0535D7F-F853-4D47-BF34-BBE3F66D5436}.Release|x86.ActiveCfg = Release|Any CPU
		{B0535D7F-F853-4D47-BF34-BBE3F66D5436}.Release|x86.Build.0 = Release|Any CPU
		{62C29330-A7C2-4C27-8A45-0DA5A1884991}.Debug|Any CPU.ActiveCfg = Debug|Any CPU
		{62C29330-A7C2-4C27-8A45-0DA5A1884991}.Debug|Any CPU.Build.0 = Debug|Any CPU
		{62C29330-A7C2-4C27-8A45-0DA5A1884991}.Debug|x64.ActiveCfg = Debug|Any CPU
		{62C29330-A7C2-4C27-8A45-0DA5A1884991}.Debug|x64.Build.0 = Debug|Any CPU
		{62C29330-A7C2-4C27-8A45-0DA5A1884991}.Debug|x86.ActiveCfg = Debug|Any CPU
		{62C29330-A7C2-4C27-8A45-0DA5A1884991}.Debug|x86.Build.0 = Debug|Any CPU
		{62C29330-A7C2-4C27-8A45-0DA5A1884991}.Release|Any CPU.ActiveCfg = Release|Any CPU
		{62C29330-A7C2-4C27-8A45-0DA5A1884991}.Release|Any CPU.Build.0 = Release|Any CPU
		{62C29330-A7C2-4C27-8A45-0DA5A1884991}.Release|x64.ActiveCfg = Release|Any CPU
		{62C29330-A7C2-4C27-8A45-0DA5A1884991}.Release|x64.Build.0 = Release|Any CPU
		{62C29330-A7C2-4C27-8A45-0DA5A1884991}.Release|x86.ActiveCfg = Release|Any CPU
		{62C29330-A7C2-4C27-8A45-0DA5A1884991}.Release|x86.Build.0 = Release|Any CPU
	EndGlobalSection
	GlobalSection(SolutionProperties) = preSolution
		HideSolutionNode = FALSE
	EndGlobalSection
	GlobalSection(NestedProjects) = preSolution
		{ADB39D41-9E6E-413E-8270-92BB9FA93592} = {83D1999E-7B82-4AD1-874C-EE6B1CE779D6}
		{B4268189-DE33-4920-89ED-7102FC561B22} = {83D1999E-7B82-4AD1-874C-EE6B1CE779D6}
		{E771915E-3365-4273-8DAF-7F7237BB4963} = {83D1999E-7B82-4AD1-874C-EE6B1CE779D6}
		{A2A46CFE-77EB-4910-87B4-71036030B90A} = {83D1999E-7B82-4AD1-874C-EE6B1CE779D6}
		{73BF930A-2F43-457F-8B24-E68AD61884CB} = {83D1999E-7B82-4AD1-874C-EE6B1CE779D6}
		{8F3A7D29-9E9A-4BD5-A8A7-857B3D41F2DD} = {83D1999E-7B82-4AD1-874C-EE6B1CE779D6}
		{1DD62A97-9684-4EC1-BF04-695AD67E66DF} = {83D1999E-7B82-4AD1-874C-EE6B1CE779D6}
		{B0535D7F-F853-4D47-BF34-BBE3F66D5436} = {83D1999E-7B82-4AD1-874C-EE6B1CE779D6}
		{62C29330-A7C2-4C27-8A45-0DA5A1884991} = {83D1999E-7B82-4AD1-874C-EE6B1CE779D6}
	EndGlobalSection
	GlobalSection(ExtensibilityGlobals) = postSolution
		SolutionGuid = {0996392F-DE0F-4B22-B51E-D13B5AE34964}
	EndGlobalSection
EndGlobal
